
Microsoft Visual Studio Solution File, Format Version 12.00
# Visual Studio Version 17
VisualStudioVersion = 17.3.32929.385
MinimumVisualStudioVersion = 10.0.40219.1
Project("{9A19103F-16F7-4668-BE54-9A1E7A4F7556}") = "DomainModel", "DomainModel\DomainModel.csproj", "{25F3C36F-FE32-42EF-AB66-2BC127D33739}"
EndProject
Project("{9A19103F-16F7-4668-BE54-9A1E7A4F7556}") = "Dal", "Dal\Dal.csproj", "{C2E6D5D0-9EAF-446E-9C57-715D4F791680}"
EndProject
Project("{9A19103F-16F7-4668-BE54-9A1E7A4F7556}") = "ConsoleApp", "ConsoleApp\ConsoleApp.csproj", "{70A02192-9ED9-4056-9446-46A6122204D1}"
EndProject
Project("{2150E333-8FDC-42A3-9474-1A3956D46DE8}") = "Data", "Data", "{00C43AAA-2263-4767-88C7-5F7BAAE4FB2E}"
EndProject
Project("{2150E333-8FDC-42A3-9474-1A3956D46DE8}") = "Apps", "Apps", "{2FEE17C9-45F4-4EF4-9020-34CFB028B087}"
EndProject
Project("{FAE04EC0-301F-11D3-BF4B-00C04F79EFBC}") = "DalDbFirst", "DalDbFirst\DalDbFirst.csproj", "{BA80AC4D-8E3A-4AC4-B367-940FD7796D84}"
EndProject
Project("{2150E333-8FDC-42A3-9474-1A3956D46DE8}") = "DbFirst", "DbFirst", "{D0868685-218E-4176-98CD-10034909A3B2}"
EndProject
Project("{FAE04EC0-301F-11D3-BF4B-00C04F79EFBC}") = "ConsoleAppDbFirst", "ConsoleAppDbFirst\ConsoleAppDbFirst.csproj", "{F65E2A61-C9D8-4DDE-97CD-D7A616AF5886}"
EndProject
Global
	GlobalSection(SolutionConfigurationPlatforms) = preSolution
		Debug|Any CPU = Debug|Any CPU
		Release|Any CPU = Release|Any CPU
	EndGlobalSection
	GlobalSection(ProjectConfigurationPlatforms) = postSolution
		{25F3C36F-FE32-42EF-AB66-2BC127D33739}.Debug|Any CPU.ActiveCfg = Debug|Any CPU
		{25F3C36F-FE32-42EF-AB66-2BC127D33739}.Debug|Any CPU.Build.0 = Debug|Any CPU
		{25F3C36F-FE32-42EF-AB66-2BC127D33739}.Release|Any CPU.ActiveCfg = Release|Any CPU
		{25F3C36F-FE32-42EF-AB66-2BC127D33739}.Release|Any CPU.Build.0 = Release|Any CPU
		{C2E6D5D0-9EAF-446E-9C57-715D4F791680}.Debug|Any CPU.ActiveCfg = Debug|Any CPU
		{C2E6D5D0-9EAF-446E-9C57-715D4F791680}.Debug|Any CPU.Build.0 = Debug|Any CPU
		{C2E6D5D0-9EAF-446E-9C57-715D4F791680}.Release|Any CPU.ActiveCfg = Release|Any CPU
		{C2E6D5D0-9EAF-446E-9C57-715D4F791680}.Release|Any CPU.Build.0 = Release|Any CPU
		{70A02192-9ED9-4056-9446-46A6122204D1}.Debug|Any CPU.ActiveCfg = Debug|Any CPU
		{70A02192-9ED9-4056-9446-46A6122204D1}.Debug|Any CPU.Build.0 = Debug|Any CPU
		{70A02192-9ED9-4056-9446-46A6122204D1}.Release|Any CPU.ActiveCfg = Release|Any CPU
		{70A02192-9ED9-4056-9446-46A6122204D1}.Release|Any CPU.Build.0 = Release|Any CPU
		{BA80AC4D-8E3A-4AC4-B367-940FD7796D84}.Debug|Any CPU.ActiveCfg = Debug|Any CPU
		{BA80AC4D-8E3A-4AC4-B367-940FD7796D84}.Debug|Any CPU.Build.0 = Debug|Any CPU
		{BA80AC4D-8E3A-4AC4-B367-940FD7796D84}.Release|Any CPU.ActiveCfg = Release|Any CPU
		{BA80AC4D-8E3A-4AC4-B367-940FD7796D84}.Release|Any CPU.Build.0 = Release|Any CPU
		{F65E2A61-C9D8-4DDE-97CD-D7A616AF5886}.Debug|Any CPU.ActiveCfg = Debug|Any CPU
		{F65E2A61-C9D8-4DDE-97CD-D7A616AF5886}.Debug|Any CPU.Build.0 = Debug|Any CPU
		{F65E2A61-C9D8-4DDE-97CD-D7A616AF5886}.Release|Any CPU.ActiveCfg = Release|Any CPU
		{F65E2A61-C9D8-4DDE-97CD-D7A616AF5886}.Release|Any CPU.Build.0 = Release|Any CPU
	EndGlobalSection
	GlobalSection(SolutionProperties) = preSolution
		HideSolutionNode = FALSE
	EndGlobalSection
	GlobalSection(NestedProjects) = preSolution
		{25F3C36F-FE32-42EF-AB66-2BC127D33739} = {00C43AAA-2263-4767-88C7-5F7BAAE4FB2E}
		{C2E6D5D0-9EAF-446E-9C57-715D4F791680} = {00C43AAA-2263-4767-88C7-5F7BAAE4FB2E}
		{70A02192-9ED9-4056-9446-46A6122204D1} = {2FEE17C9-45F4-4EF4-9020-34CFB028B087}
		{BA80AC4D-8E3A-4AC4-B367-940FD7796D84} = {D0868685-218E-4176-98CD-10034909A3B2}
		{D0868685-218E-4176-98CD-10034909A3B2} = {00C43AAA-2263-4767-88C7-5F7BAAE4FB2E}
		{F65E2A61-C9D8-4DDE-97CD-D7A616AF5886} = {D0868685-218E-4176-98CD-10034909A3B2}
	EndGlobalSection
	GlobalSection(ExtensibilityGlobals) = postSolution
		SolutionGuid = {07FAF5F1-7A84-4DCB-9908-9BA315DB2D1F}
	EndGlobalSection
EndGlobal
